
Microsoft Visual Studio Solution File, Format Version 12.00
# Visual Studio Version 16
VisualStudioVersion = 16.0.31624.102
MinimumVisualStudioVersion = 10.0.40219.1
Project("{9A19103F-16F7-4668-BE54-9A1E7A4F7556}") = "Employee.Common", "Employee.Common\Employee.Common.csproj", "{0FE6A929-9021-4D6C-A0B6-CADABD12EA31}"
EndProject
Project("{9A19103F-16F7-4668-BE54-9A1E7A4F7556}") = "Employee.Functions", "Employee.Functions\Employee.Functions.csproj", "{2D312786-12FB-48C8-9504-2A35B3827B5A}"
EndProject
Project("{9A19103F-16F7-4668-BE54-9A1E7A4F7556}") = "Employee.Test", "Employee.Test\Employee.Test.csproj", "{4E3E1D75-15F5-4258-A964-22ACB70E1B0A}"
EndProject
Global
	GlobalSection(SolutionConfigurationPlatforms) = preSolution
		Debug|Any CPU = Debug|Any CPU
		Release|Any CPU = Release|Any CPU
	EndGlobalSection
	GlobalSection(ProjectConfigurationPlatforms) = postSolution
		{0FE6A929-9021-4D6C-A0B6-CADABD12EA31}.Debug|Any CPU.ActiveCfg = Debug|Any CPU
		{0FE6A929-9021-4D6C-A0B6-CADABD12EA31}.Debug|Any CPU.Build.0 = Debug|Any CPU
		{0FE6A929-9021-4D6C-A0B6-CADABD12EA31}.Release|Any CPU.ActiveCfg = Release|Any CPU
		{0FE6A929-9021-4D6C-A0B6-CADABD12EA31}.Release|Any CPU.Build.0 = Release|Any CPU
		{2D312786-12FB-48C8-9504-2A35B3827B5A}.Debug|Any CPU.ActiveCfg = Debug|Any CPU
		{2D312786-12FB-48C8-9504-2A35B3827B5A}.Debug|Any CPU.Build.0 = Debug|Any CPU
		{2D312786-12FB-48C8-9504-2A35B3827B5A}.Release|Any CPU.ActiveCfg = Release|Any CPU
		{2D312786-12FB-48C8-9504-2A35B3827B5A}.Release|Any CPU.Build.0 = Release|Any CPU
		{4E3E1D75-15F5-4258-A964-22ACB70E1B0A}.Debug|Any CPU.ActiveCfg = Debug|Any CPU
		{4E3E1D75-15F5-4258-A964-22ACB70E1B0A}.Debug|Any CPU.Build.0 = Debug|Any CPU
		{4E3E1D75-15F5-4258-A964-22ACB70E1B0A}.Release|Any CPU.ActiveCfg = Release|Any CPU
		{4E3E1D75-15F5-4258-A964-22ACB70E1B0A}.Release|Any CPU.Build.0 = Release|Any CPU
	EndGlobalSection
	GlobalSection(SolutionProperties) = preSolution
		HideSolutionNode = FALSE
	EndGlobalSection
	GlobalSection(ExtensibilityGlobals) = postSolution
		SolutionGuid = {653C30F8-DD74-41D2-9EE2-B6D611503E0C}
	EndGlobalSection
EndGlobal
